
Microsoft Visual Studio Solution File, Format Version 12.00
# Visual Studio Version 17
VisualStudioVersion = 17.13.35931.197
MinimumVisualStudioVersion = 10.0.40219.1
Project("{2150E333-8FDC-42A3-9474-1A3956D46DE8}") = "ChainOfResponsibiltyDesignPattern", "ChainOfResponsibiltyDesignPattern", "{02EA681E-C7D8-13C7-8484-4AC65E1B71E8}"
EndProject
Project("{FAE04EC0-301F-11D3-BF4B-00C04F79EFBC}") = "DesignPattern.ChainOfResponsibilty", "DesignPattern.ChainOfResponsibilty\DesignPattern.ChainOfResponsibilty.csproj", "{D640AE28-4C8B-4B44-917D-19030A52C804}"
EndProject
Project("{2150E333-8FDC-42A3-9474-1A3956D46DE8}") = "CQRSDesignPattern", "CQRSDesignPattern", "{8205EE4B-EB0E-4F5B-8106-6A957493A9CF}"
EndProject
Project("{FAE04EC0-301F-11D3-BF4B-00C04F79EFBC}") = "DesignPattern.CQRS", "DesignPattern.CQRS\DesignPattern.CQRS.csproj", "{32ECE093-5C8C-4613-B682-1E3261FFC5BE}"
EndProject
Project("{2150E333-8FDC-42A3-9474-1A3956D46DE8}") = "TemplateMethodDesignPattern", "TemplateMethodDesignPattern", "{3A607621-9772-4858-A7DB-BBD88FFA26D7}"
EndProject
Project("{FAE04EC0-301F-11D3-BF4B-00C04F79EFBC}") = "DesignPattern.TemplateMethod", "DesignPattern.TemplateMethod\DesignPattern.TemplateMethod.csproj", "{B86C1782-FBA0-4064-AD96-68FBD7A9383D}"
EndProject
Project("{2150E333-8FDC-42A3-9474-1A3956D46DE8}") = "ObserverDesignPattern", "ObserverDesignPattern", "{98F9C2CB-6E80-4E03-914C-03E6ADE66EAF}"
EndProject
Project("{FAE04EC0-301F-11D3-BF4B-00C04F79EFBC}") = "DesignPattern.Observer", "DesignPattern.Observer\DesignPattern.Observer.csproj", "{AB92E9C1-62CE-434A-8FFA-685AD28DE97A}"
EndProject
Project("{2150E333-8FDC-42A3-9474-1A3956D46DE8}") = "UnitOfWorkDesignPattern", "UnitOfWorkDesignPattern", "{42DFA7D6-E491-4FE2-8FC2-8B5C02504900}"
EndProject
Project("{FAE04EC0-301F-11D3-BF4B-00C04F79EFBC}") = "DesignPattern.UnitOfWork", "DesignPattern.UnitOfWork\DesignPattern.UnitOfWork.csproj", "{C14E9C17-878C-478A-8175-489AE8ECB403}"
EndProject
Project("{FAE04EC0-301F-11D3-BF4B-00C04F79EFBC}") = "DesignPattern.EntityLayer", "DesignPattern.EntityLayer\DesignPattern.EntityLayer.csproj", "{28DB2D81-67D9-46B1-A8AD-B6BFE2BD0E59}"
EndProject
Project("{FAE04EC0-301F-11D3-BF4B-00C04F79EFBC}") = "DesignPattern.DataAccessLayer", "DesignPattern.DataAccessLayer\DesignPattern.DataAccessLayer.csproj", "{81C8C2D2-C072-463E-B0AD-C000584C0746}"
EndProject
Project("{FAE04EC0-301F-11D3-BF4B-00C04F79EFBC}") = "DesignPattern.BusinessLayer", "DesignPattern.BusinessLayer\DesignPattern.BusinessLayer.csproj", "{40C8D4C5-7077-4BA9-A6E8-89C2F3B12DBE}"
EndProject
Project("{2150E333-8FDC-42A3-9474-1A3956D46DE8}") = "RepositoryDesignPattern", "RepositoryDesignPattern", "{2D3F1BE4-02F9-4CD5-B35E-E0D4422AFFE7}"
EndProject
Project("{FAE04EC0-301F-11D3-BF4B-00C04F79EFBC}") = "DesignPattern.Repository", "DesignPattern.Repository\DesignPattern.Repository.csproj", "{8C0E8EE2-C009-45BC-BF1E-FF9F8CFDC65B}"
EndProject
Project("{FAE04EC0-301F-11D3-BF4B-00C04F79EFBC}") = "RepositoryDesignPattern.EntityLayer", "RepositoryDesignPattern.EntityLayer\RepositoryDesignPattern.EntityLayer.csproj", "{9D0E8029-D091-4504-A744-4A0D58216837}"
EndProject
Project("{FAE04EC0-301F-11D3-BF4B-00C04F79EFBC}") = "RepositoryDesignPattern.DataAccessLayer", "RepositoryDesignPattern.DataAccessLayer\RepositoryDesignPattern.DataAccessLayer.csproj", "{D2097156-0A78-42D9-84E3-75B04552ED77}"
EndProject
Project("{FAE04EC0-301F-11D3-BF4B-00C04F79EFBC}") = "RepositoryDesignPattern.BusinessLayer", "RepositoryDesignPattern.BusinessLayer\RepositoryDesignPattern.BusinessLayer.csproj", "{61A3F309-FCFF-4FB9-BC47-37E21ADD2E1D}"
EndProject
Project("{2150E333-8FDC-42A3-9474-1A3956D46DE8}") = "CompositeDesignPattern", "CompositeDesignPattern", "{8B70A2A9-7DF1-4EEE-8038-93806C0F7F9B}"
EndProject
Project("{FAE04EC0-301F-11D3-BF4B-00C04F79EFBC}") = "DesignPattern.Composite", "DesignPattern.Composite\DesignPattern.Composite.csproj", "{F070F5D0-E6E1-4365-9DE9-B7AE7EDE63BA}"
EndProject
Global
	GlobalSection(SolutionConfigurationPlatforms) = preSolution
		Debug|Any CPU = Debug|Any CPU
		Release|Any CPU = Release|Any CPU
	EndGlobalSection
	GlobalSection(ProjectConfigurationPlatforms) = postSolution
		{D640AE28-4C8B-4B44-917D-19030A52C804}.Debug|Any CPU.ActiveCfg = Debug|Any CPU
		{D640AE28-4C8B-4B44-917D-19030A52C804}.Debug|Any CPU.Build.0 = Debug|Any CPU
		{D640AE28-4C8B-4B44-917D-19030A52C804}.Release|Any CPU.ActiveCfg = Release|Any CPU
		{D640AE28-4C8B-4B44-917D-19030A52C804}.Release|Any CPU.Build.0 = Release|Any CPU
		{32ECE093-5C8C-4613-B682-1E3261FFC5BE}.Debug|Any CPU.ActiveCfg = Debug|Any CPU
		{32ECE093-5C8C-4613-B682-1E3261FFC5BE}.Debug|Any CPU.Build.0 = Debug|Any CPU
		{32ECE093-5C8C-4613-B682-1E3261FFC5BE}.Release|Any CPU.ActiveCfg = Release|Any CPU
		{32ECE093-5C8C-4613-B682-1E3261FFC5BE}.Release|Any CPU.Build.0 = Release|Any CPU
		{B86C1782-FBA0-4064-AD96-68FBD7A9383D}.Debug|Any CPU.ActiveCfg = Debug|Any CPU
		{B86C1782-FBA0-4064-AD96-68FBD7A9383D}.Debug|Any CPU.Build.0 = Debug|Any CPU
		{B86C1782-FBA0-4064-AD96-68FBD7A9383D}.Release|Any CPU.ActiveCfg = Release|Any CPU
		{B86C1782-FBA0-4064-AD96-68FBD7A9383D}.Release|Any CPU.Build.0 = Release|Any CPU
		{AB92E9C1-62CE-434A-8FFA-685AD28DE97A}.Debug|Any CPU.ActiveCfg = Debug|Any CPU
		{AB92E9C1-62CE-434A-8FFA-685AD28DE97A}.Debug|Any CPU.Build.0 = Debug|Any CPU
		{AB92E9C1-62CE-434A-8FFA-685AD28DE97A}.Release|Any CPU.ActiveCfg = Release|Any CPU
		{AB92E9C1-62CE-434A-8FFA-685AD28DE97A}.Release|Any CPU.Build.0 = Release|Any CPU
		{C14E9C17-878C-478A-8175-489AE8ECB403}.Debug|Any CPU.ActiveCfg = Debug|Any CPU
		{C14E9C17-878C-478A-8175-489AE8ECB403}.Debug|Any CPU.Build.0 = Debug|Any CPU
		{C14E9C17-878C-478A-8175-489AE8ECB403}.Release|Any CPU.ActiveCfg = Release|Any CPU
		{C14E9C17-878C-478A-8175-489AE8ECB403}.Release|Any CPU.Build.0 = Release|Any CPU
		{28DB2D81-67D9-46B1-A8AD-B6BFE2BD0E59}.Debug|Any CPU.ActiveCfg = Debug|Any CPU
		{28DB2D81-67D9-46B1-A8AD-B6BFE2BD0E59}.Debug|Any CPU.Build.0 = Debug|Any CPU
		{28DB2D81-67D9-46B1-A8AD-B6BFE2BD0E59}.Release|Any CPU.ActiveCfg = Release|Any CPU
		{28DB2D81-67D9-46B1-A8AD-B6BFE2BD0E59}.Release|Any CPU.Build.0 = Release|Any CPU
		{81C8C2D2-C072-463E-B0AD-C000584C0746}.Debug|Any CPU.ActiveCfg = Debug|Any CPU
		{81C8C2D2-C072-463E-B0AD-C000584C0746}.Debug|Any CPU.Build.0 = Debug|Any CPU
		{81C8C2D2-C072-463E-B0AD-C000584C0746}.Release|Any CPU.ActiveCfg = Release|Any CPU
		{81C8C2D2-C072-463E-B0AD-C000584C0746}.Release|Any CPU.Build.0 = Release|Any CPU
		{40C8D4C5-7077-4BA9-A6E8-89C2F3B12DBE}.Debug|Any CPU.ActiveCfg = Debug|Any CPU
		{40C8D4C5-7077-4BA9-A6E8-89C2F3B12DBE}.Debug|Any CPU.Build.0 = Debug|Any CPU
		{40C8D4C5-7077-4BA9-A6E8-89C2F3B12DBE}.Release|Any CPU.ActiveCfg = Release|Any CPU
		{40C8D4C5-7077-4BA9-A6E8-89C2F3B12DBE}.Release|Any CPU.Build.0 = Release|Any CPU
		{8C0E8EE2-C009-45BC-BF1E-FF9F8CFDC65B}.Debug|Any CPU.ActiveCfg = Debug|Any CPU
		{8C0E8EE2-C009-45BC-BF1E-FF9F8CFDC65B}.Debug|Any CPU.Build.0 = Debug|Any CPU
		{8C0E8EE2-C009-45BC-BF1E-FF9F8CFDC65B}.Release|Any CPU.ActiveCfg = Release|Any CPU
		{8C0E8EE2-C009-45BC-BF1E-FF9F8CFDC65B}.Release|Any CPU.Build.0 = Release|Any CPU
		{9D0E8029-D091-4504-A744-4A0D58216837}.Debug|Any CPU.ActiveCfg = Debug|Any CPU
		{9D0E8029-D091-4504-A744-4A0D58216837}.Debug|Any CPU.Build.0 = Debug|Any CPU
		{9D0E8029-D091-4504-A744-4A0D58216837}.Release|Any CPU.ActiveCfg = Release|Any CPU
		{9D0E8029-D091-4504-A744-4A0D58216837}.Release|Any CPU.Build.0 = Release|Any CPU
		{D2097156-0A78-42D9-84E3-75B04552ED77}.Debug|Any CPU.ActiveCfg = Debug|Any CPU
		{D2097156-0A78-42D9-84E3-75B04552ED77}.Debug|Any CPU.Build.0 = Debug|Any CPU
		{D2097156-0A78-42D9-84E3-75B04552ED77}.Release|Any CPU.ActiveCfg = Release|Any CPU
		{D2097156-0A78-42D9-84E3-75B04552ED77}.Release|Any CPU.Build.0 = Release|Any CPU
		{61A3F309-FCFF-4FB9-BC47-37E21ADD2E1D}.Debug|Any CPU.ActiveCfg = Debug|Any CPU
		{61A3F309-FCFF-4FB9-BC47-37E21ADD2E1D}.Debug|Any CPU.Build.0 = Debug|Any CPU
		{61A3F309-FCFF-4FB9-BC47-37E21ADD2E1D}.Release|Any CPU.ActiveCfg = Release|Any CPU
		{61A3F309-FCFF-4FB9-BC47-37E21ADD2E1D}.Release|Any CPU.Build.0 = Release|Any CPU
		{F070F5D0-E6E1-4365-9DE9-B7AE7EDE63BA}.Debug|Any CPU.ActiveCfg = Debug|Any CPU
		{F070F5D0-E6E1-4365-9DE9-B7AE7EDE63BA}.Debug|Any CPU.Build.0 = Debug|Any CPU
		{F070F5D0-E6E1-4365-9DE9-B7AE7EDE63BA}.Release|Any CPU.ActiveCfg = Release|Any CPU
		{F070F5D0-E6E1-4365-9DE9-B7AE7EDE63BA}.Release|Any CPU.Build.0 = Release|Any CPU
	EndGlobalSection
	GlobalSection(SolutionProperties) = preSolution
		HideSolutionNode = FALSE
	EndGlobalSection
	GlobalSection(NestedProjects) = preSolution
		{D640AE28-4C8B-4B44-917D-19030A52C804} = {02EA681E-C7D8-13C7-8484-4AC65E1B71E8}
		{32ECE093-5C8C-4613-B682-1E3261FFC5BE} = {8205EE4B-EB0E-4F5B-8106-6A957493A9CF}
		{B86C1782-FBA0-4064-AD96-68FBD7A9383D} = {3A607621-9772-4858-A7DB-BBD88FFA26D7}
		{AB92E9C1-62CE-434A-8FFA-685AD28DE97A} = {98F9C2CB-6E80-4E03-914C-03E6ADE66EAF}
		{C14E9C17-878C-478A-8175-489AE8ECB403} = {42DFA7D6-E491-4FE2-8FC2-8B5C02504900}
		{28DB2D81-67D9-46B1-A8AD-B6BFE2BD0E59} = {42DFA7D6-E491-4FE2-8FC2-8B5C02504900}
		{81C8C2D2-C072-463E-B0AD-C000584C0746} = {42DFA7D6-E491-4FE2-8FC2-8B5C02504900}
		{40C8D4C5-7077-4BA9-A6E8-89C2F3B12DBE} = {42DFA7D6-E491-4FE2-8FC2-8B5C02504900}
		{8C0E8EE2-C009-45BC-BF1E-FF9F8CFDC65B} = {2D3F1BE4-02F9-4CD5-B35E-E0D4422AFFE7}
		{9D0E8029-D091-4504-A744-4A0D58216837} = {2D3F1BE4-02F9-4CD5-B35E-E0D4422AFFE7}
		{D2097156-0A78-42D9-84E3-75B04552ED77} = {2D3F1BE4-02F9-4CD5-B35E-E0D4422AFFE7}
		{61A3F309-FCFF-4FB9-BC47-37E21ADD2E1D} = {2D3F1BE4-02F9-4CD5-B35E-E0D4422AFFE7}
		{F070F5D0-E6E1-4365-9DE9-B7AE7EDE63BA} = {8B70A2A9-7DF1-4EEE-8038-93806C0F7F9B}
	EndGlobalSection
	GlobalSection(ExtensibilityGlobals) = postSolution
		SolutionGuid = {1EBD29FE-61F6-4AED-A68B-261BDB33D584}
	EndGlobalSection
EndGlobal
